
Microsoft Visual Studio Solution File, Format Version 12.00
# Visual Studio Version 16
VisualStudioVersion = 16.0.32510.428
MinimumVisualStudioVersion = 10.0.40219.1
Project("{FAE04EC0-301F-11D3-BF4B-00C04F79EFBC}") = "ServiceDemo", "ServiceDemo.csproj", "{6162BF25-41AE-40E9-A981-2E8575EADFEC}"
EndProject
Project("{FAE04EC0-301F-11D3-BF4B-00C04F79EFBC}") = "ParameterDemo", "..\ParameterDemo\ParameterDemo.csproj", "{FA17BEF8-3AD4-41DE-AADC-CB05B15FDF70}"
EndProject
Global
	GlobalSection(SolutionConfigurationPlatforms) = preSolution
		Debug|Any CPU = Debug|Any CPU
		Release|Any CPU = Release|Any CPU
	EndGlobalSection
	GlobalSection(ProjectConfigurationPlatforms) = postSolution
		{6162BF25-41AE-40E9-A981-2E8575EADFEC}.Debug|Any CPU.ActiveCfg = Debug|Any CPU
		{6162BF25-41AE-40E9-A981-2E8575EADFEC}.Debug|Any CPU.Build.0 = Debug|Any CPU
		{6162BF25-41AE-40E9-A981-2E8575EADFEC}.Release|Any CPU.ActiveCfg = Release|Any CPU
		{6162BF25-41AE-40E9-A981-2E8575EADFEC}.Release|Any CPU.Build.0 = Release|Any CPU
		{FA17BEF8-3AD4-41DE-AADC-CB05B15FDF70}.Debug|Any CPU.ActiveCfg = Debug|Any CPU
		{FA17BEF8-3AD4-41DE-AADC-CB05B15FDF70}.Debug|Any CPU.Build.0 = Debug|Any CPU
		{FA17BEF8-3AD4-41DE-AADC-CB05B15FDF70}.Release|Any CPU.ActiveCfg = Release|Any CPU
		{FA17BEF8-3AD4-41DE-AADC-CB05B15FDF70}.Release|Any CPU.Build.0 = Release|Any CPU
	EndGlobalSection
	GlobalSection(SolutionProperties) = preSolution
		HideSolutionNode = FALSE
	EndGlobalSection
	GlobalSection(ExtensibilityGlobals) = postSolution
		SolutionGuid = {C75A6A69-6738-4584-9F75-3E20724D10E5}
	EndGlobalSection
EndGlobal
